// !$*UTF8*$!
{
	archiveVersion = 1;
	classes = {
	};
	objectVersion = 55;
	objects = {

/* Begin PBXBuildFile section */
		2B99F26B2872CDC0002C19DF /* model_operator.cc in Sources */ = {isa = PBXBuildFile; fileRef = 2B99F2662872CDC0002C19DF /* model_operator.cc */; };
		2B99F26C2872CDC0002C19DF /* cross_platform_api.cc in Sources */ = {isa = PBXBuildFile; fileRef = 2B99F2682872CDC0002C19DF /* cross_platform_api.cc */; };
		2BE6689828068ECF00007C29 /* AppDelegate.m in Sources */ = {isa = PBXBuildFile; fileRef = 2BE6689728068ECF00007C29 /* AppDelegate.m */; };
		2BE6689B28068ECF00007C29 /* SceneDelegate.m in Sources */ = {isa = PBXBuildFile; fileRef = 2BE6689A28068ECF00007C29 /* SceneDelegate.m */; };
		2BE6689E28068ECF00007C29 /* ViewController.m in Sources */ = {isa = PBXBuildFile; fileRef = 2BE6689D28068ECF00007C29 /* ViewController.m */; };
		2BE668A128068ECF00007C29 /* Main.storyboard in Resources */ = {isa = PBXBuildFile; fileRef = 2BE6689F28068ECF00007C29 /* Main.storyboard */; };
		2BE668A328068ED100007C29 /* Assets.xcassets in Resources */ = {isa = PBXBuildFile; fileRef = 2BE668A228068ED100007C29 /* Assets.xcassets */; };
		2BE668A628068ED100007C29 /* LaunchScreen.storyboard in Resources */ = {isa = PBXBuildFile; fileRef = 2BE668A428068ED100007C29 /* LaunchScreen.storyboard */; };
		2BE668A928068ED100007C29 /* main.m in Sources */ = {isa = PBXBuildFile; fileRef = 2BE668A828068ED100007C29 /* main.m */; };
		2BE668B328068ED100007C29 /* iOSDemoTests.m in Sources */ = {isa = PBXBuildFile; fileRef = 2BE668B228068ED100007C29 /* iOSDemoTests.m */; };
		2BE668BD28068ED100007C29 /* iOSDemoUITests.m in Sources */ = {isa = PBXBuildFile; fileRef = 2BE668BC28068ED100007C29 /* iOSDemoUITests.m */; };
		2BE668BF28068ED100007C29 /* iOSDemoUITestsLaunchTests.m in Sources */ = {isa = PBXBuildFile; fileRef = 2BE668BE28068ED100007C29 /* iOSDemoUITestsLaunchTests.m */; };
		2BE6690F2806A0FA00007C29 /* CrossPlatformApi_proxy.mm in Sources */ = {isa = PBXBuildFile; fileRef = 2BE669072806905800007C29 /* CrossPlatformApi_proxy.mm */; };
/* End PBXBuildFile section */

/* Begin PBXContainerItemProxy section */
		2BE668AF28068ED100007C29 /* PBXContainerItemProxy */ = {
			isa = PBXContainerItemProxy;
			containerPortal = 2BE6688B28068ECF00007C29 /* Project object */;
			proxyType = 1;
			remoteGlobalIDString = 2BE6689228068ECF00007C29;
			remoteInfo = cross_platform_api_ios;
		};
		2BE668B928068ED100007C29 /* PBXContainerItemProxy */ = {
			isa = PBXContainerItemProxy;
			containerPortal = 2BE6688B28068ECF00007C29 /* Project object */;
			proxyType = 1;
			remoteGlobalIDString = 2BE6689228068ECF00007C29;
			remoteInfo = cross_platform_api_ios;
		};
/* End PBXContainerItemProxy section */

/* Begin PBXFileReference section */
		2B99F2552872CDA2002C19DF /* README.md */ = {isa = PBXFileReference; fileEncoding = 4; lastKnownFileType = net.daringfireball.markdown; path = README.md; sourceTree = "<group>"; };
		2B99F2562872CDA2002C19DF /* model.h */ = {isa = PBXFileReference; fileEncoding = 4; lastKnownFileType = sourcecode.c.h; path = model.h; sourceTree = "<group>"; };
		2B99F2572872CDA2002C19DF /* model_operator.h */ = {isa = PBXFileReference; fileEncoding = 4; lastKnownFileType = sourcecode.c.h; path = model_operator.h; sourceTree = "<group>"; };
		2B99F2592872CDA2002C19DF /* README.md */ = {isa = PBXFileReference; fileEncoding = 4; lastKnownFileType = net.daringfireball.markdown; path = README.md; sourceTree = "<group>"; };
		2B99F25A2872CDA2002C19DF /* model_external.h */ = {isa = PBXFileReference; fileEncoding = 4; lastKnownFileType = sourcecode.c.h; path = model_external.h; sourceTree = "<group>"; };
		2B99F25B2872CDA2002C19DF /* cross_platform_api.h */ = {isa = PBXFileReference; fileEncoding = 4; lastKnownFileType = sourcecode.c.h; path = cross_platform_api.h; sourceTree = "<group>"; };
		2B99F25D2872CDA2002C19DF /* data.h */ = {isa = PBXFileReference; fileEncoding = 4; lastKnownFileType = sourcecode.c.h; path = data.h; sourceTree = "<group>"; };
		2B99F25E2872CDA2002C19DF /* README.md */ = {isa = PBXFileReference; fileEncoding = 4; lastKnownFileType = net.daringfireball.markdown; path = README.md; sourceTree = "<group>"; };
		2B99F25F2872CDA2002C19DF /* callback.h */ = {isa = PBXFileReference; fileEncoding = 4; lastKnownFileType = sourcecode.c.h; path = callback.h; sourceTree = "<group>"; };
		2B99F2642872CDC0002C19DF /* CMakeLists.txt */ = {isa = PBXFileReference; fileEncoding = 4; lastKnownFileType = text; path = CMakeLists.txt; sourceTree = "<group>"; };
		2B99F2662872CDC0002C19DF /* model_operator.cc */ = {isa = PBXFileReference; fileEncoding = 4; lastKnownFileType = sourcecode.cpp.cpp; path = model_operator.cc; sourceTree = "<group>"; };
		2B99F2682872CDC0002C19DF /* cross_platform_api.cc */ = {isa = PBXFileReference; fileEncoding = 4; lastKnownFileType = sourcecode.cpp.cpp; path = cross_platform_api.cc; sourceTree = "<group>"; };
		2BE6689328068ECF00007C29 /* iOSDemo.app */ = {isa = PBXFileReference; explicitFileType = wrapper.application; includeInIndex = 0; path = iOSDemo.app; sourceTree = BUILT_PRODUCTS_DIR; };
		2BE6689628068ECF00007C29 /* AppDelegate.h */ = {isa = PBXFileReference; lastKnownFileType = sourcecode.c.h; path = AppDelegate.h; sourceTree = "<group>"; };
		2BE6689728068ECF00007C29 /* AppDelegate.m */ = {isa = PBXFileReference; lastKnownFileType = sourcecode.c.objc; path = AppDelegate.m; sourceTree = "<group>"; };
		2BE6689928068ECF00007C29 /* SceneDelegate.h */ = {isa = PBXFileReference; lastKnownFileType = sourcecode.c.h; path = SceneDelegate.h; sourceTree = "<group>"; };
		2BE6689A28068ECF00007C29 /* SceneDelegate.m */ = {isa = PBXFileReference; lastKnownFileType = sourcecode.c.objc; path = SceneDelegate.m; sourceTree = "<group>"; };
		2BE6689C28068ECF00007C29 /* ViewController.h */ = {isa = PBXFileReference; lastKnownFileType = sourcecode.c.h; path = ViewController.h; sourceTree = "<group>"; };
		2BE6689D28068ECF00007C29 /* ViewController.m */ = {isa = PBXFileReference; lastKnownFileType = sourcecode.c.objc; path = ViewController.m; sourceTree = "<group>"; };
		2BE668A028068ECF00007C29 /* Base */ = {isa = PBXFileReference; lastKnownFileType = file.storyboard; name = Base; path = Base.lproj/Main.storyboard; sourceTree = "<group>"; };
		2BE668A228068ED100007C29 /* Assets.xcassets */ = {isa = PBXFileReference; lastKnownFileType = folder.assetcatalog; path = Assets.xcassets; sourceTree = "<group>"; };
		2BE668A528068ED100007C29 /* Base */ = {isa = PBXFileReference; lastKnownFileType = file.storyboard; name = Base; path = Base.lproj/LaunchScreen.storyboard; sourceTree = "<group>"; };
		2BE668A728068ED100007C29 /* Info.plist */ = {isa = PBXFileReference; lastKnownFileType = text.plist.xml; path = Info.plist; sourceTree = "<group>"; };
		2BE668A828068ED100007C29 /* main.m */ = {isa = PBXFileReference; lastKnownFileType = sourcecode.c.objc; path = main.m; sourceTree = "<group>"; };
		2BE668AE28068ED100007C29 /* iOSDemoTests.xctest */ = {isa = PBXFileReference; explicitFileType = wrapper.cfbundle; includeInIndex = 0; path = iOSDemoTests.xctest; sourceTree = BUILT_PRODUCTS_DIR; };
		2BE668B228068ED100007C29 /* iOSDemoTests.m */ = {isa = PBXFileReference; lastKnownFileType = sourcecode.c.objc; path = iOSDemoTests.m; sourceTree = "<group>"; };
		2BE668B828068ED100007C29 /* iOSDemoUITests.xctest */ = {isa = PBXFileReference; explicitFileType = wrapper.cfbundle; includeInIndex = 0; path = iOSDemoUITests.xctest; sourceTree = BUILT_PRODUCTS_DIR; };
		2BE668BC28068ED100007C29 /* iOSDemoUITests.m */ = {isa = PBXFileReference; lastKnownFileType = sourcecode.c.objc; path = iOSDemoUITests.m; sourceTree = "<group>"; };
		2BE668BE28068ED100007C29 /* iOSDemoUITestsLaunchTests.m */ = {isa = PBXFileReference; lastKnownFileType = sourcecode.c.objc; path = iOSDemoUITestsLaunchTests.m; sourceTree = "<group>"; };
		2BE669042806905800007C29 /* CrossPlatformApi_wrap.h */ = {isa = PBXFileReference; fileEncoding = 4; lastKnownFileType = sourcecode.c.h; path = CrossPlatformApi_wrap.h; sourceTree = "<group>"; };
		2BE669052806905800007C29 /* CrossPlatformApi_wrap.mm */ = {isa = PBXFileReference; fileEncoding = 4; lastKnownFileType = sourcecode.cpp.objcpp; path = CrossPlatformApi_wrap.mm; sourceTree = "<group>"; };
		2BE669062806905800007C29 /* CrossPlatformApi_proxy.h */ = {isa = PBXFileReference; fileEncoding = 4; lastKnownFileType = sourcecode.c.h; path = CrossPlatformApi_proxy.h; sourceTree = "<group>"; };
		2BE669072806905800007C29 /* CrossPlatformApi_proxy.mm */ = {isa = PBXFileReference; fileEncoding = 4; lastKnownFileType = sourcecode.cpp.objcpp; path = CrossPlatformApi_proxy.mm; sourceTree = "<group>"; };
		2BE669082806905800007C29 /* swig_gen_ios.sh */ = {isa = PBXFileReference; fileEncoding = 4; lastKnownFileType = text.script.sh; path = swig_gen_ios.sh; sourceTree = "<group>"; };
		2BE669092806905800007C29 /* ios_api.i */ = {isa = PBXFileReference; fileEncoding = 4; lastKnownFileType = sourcecode.c.c.preprocessed; path = ios_api.i; sourceTree = "<group>"; };
/* End PBXFileReference section */

/* Begin PBXFrameworksBuildPhase section */
		2BE6689028068ECF00007C29 /* Frameworks */ = {
			isa = PBXFrameworksBuildPhase;
			buildActionMask = 2147483647;
			files = (
			);
			runOnlyForDeploymentPostprocessing = 0;
		};
		2BE668AB28068ED100007C29 /* Frameworks */ = {
			isa = PBXFrameworksBuildPhase;
			buildActionMask = 2147483647;
			files = (
			);
			runOnlyForDeploymentPostprocessing = 0;
		};
		2BE668B528068ED100007C29 /* Frameworks */ = {
			isa = PBXFrameworksBuildPhase;
			buildActionMask = 2147483647;
			files = (
			);
			runOnlyForDeploymentPostprocessing = 0;
		};
/* End PBXFrameworksBuildPhase section */

/* Begin PBXGroup section */
		2B99F2532872CDA2002C19DF /* include */ = {
			isa = PBXGroup;
			children = (
				2B99F2542872CDA2002C19DF /* internal_layer */,
				2B99F2582872CDA2002C19DF /* external_layer */,
				2B99F25C2872CDA2002C19DF /* common_layer */,
			);
			name = include;
			path = ../../include;
			sourceTree = "<group>";
		};
		2B99F2542872CDA2002C19DF /* internal_layer */ = {
			isa = PBXGroup;
			children = (
				2B99F2552872CDA2002C19DF /* README.md */,
				2B99F2562872CDA2002C19DF /* model.h */,
				2B99F2572872CDA2002C19DF /* model_operator.h */,
			);
			path = internal_layer;
			sourceTree = "<group>";
		};
		2B99F2582872CDA2002C19DF /* external_layer */ = {
			isa = PBXGroup;
			children = (
				2B99F2592872CDA2002C19DF /* README.md */,
				2B99F25A2872CDA2002C19DF /* model_external.h */,
				2B99F25B2872CDA2002C19DF /* cross_platform_api.h */,
			);
			path = external_layer;
			sourceTree = "<group>";
		};
		2B99F25C2872CDA2002C19DF /* common_layer */ = {
			isa = PBXGroup;
			children = (
				2B99F25D2872CDA2002C19DF /* data.h */,
				2B99F25E2872CDA2002C19DF /* README.md */,
				2B99F25F2872CDA2002C19DF /* callback.h */,
			);
			path = common_layer;
			sourceTree = "<group>";
		};
		2B99F2632872CDC0002C19DF /* src */ = {
			isa = PBXGroup;
			children = (
				2B99F2642872CDC0002C19DF /* CMakeLists.txt */,
				2B99F2652872CDC0002C19DF /* internal_layer */,
				2B99F2672872CDC0002C19DF /* external_layer */,
				2B99F2692872CDC0002C19DF /* common_layer */,
			);
			name = src;
			path = ../../src;
			sourceTree = "<group>";
		};
		2B99F2652872CDC0002C19DF /* internal_layer */ = {
			isa = PBXGroup;
			children = (
				2B99F2662872CDC0002C19DF /* model_operator.cc */,
			);
			path = internal_layer;
			sourceTree = "<group>";
		};
		2B99F2672872CDC0002C19DF /* external_layer */ = {
			isa = PBXGroup;
			children = (
				2B99F2682872CDC0002C19DF /* cross_platform_api.cc */,
			);
			path = external_layer;
			sourceTree = "<group>";
		};
		2B99F2692872CDC0002C19DF /* common_layer */ = {
			isa = PBXGroup;
			children = (
			);
			path = common_layer;
			sourceTree = "<group>";
		};
		2BE6688A28068ECF00007C29 = {
			isa = PBXGroup;
			children = (
				2B99F2532872CDA2002C19DF /* include */,
				2B99F2632872CDC0002C19DF /* src */,
				2BE6689528068ECF00007C29 /* app */,
				2BE669012806905800007C29 /* cross_platform_lib */,
				2BE668B128068ED100007C29 /* iOSDemoTests */,
				2BE668BB28068ED100007C29 /* iOSDemoUITests */,
				2BE6689428068ECF00007C29 /* Products */,
			);
			sourceTree = "<group>";
		};
		2BE6689428068ECF00007C29 /* Products */ = {
			isa = PBXGroup;
			children = (
				2BE6689328068ECF00007C29 /* iOSDemo.app */,
				2BE668AE28068ED100007C29 /* iOSDemoTests.xctest */,
				2BE668B828068ED100007C29 /* iOSDemoUITests.xctest */,
			);
			name = Products;
			sourceTree = "<group>";
		};
		2BE6689528068ECF00007C29 /* app */ = {
			isa = PBXGroup;
			children = (
				2BE6689628068ECF00007C29 /* AppDelegate.h */,
				2BE6689728068ECF00007C29 /* AppDelegate.m */,
				2BE6689928068ECF00007C29 /* SceneDelegate.h */,
				2BE6689A28068ECF00007C29 /* SceneDelegate.m */,
				2BE6689C28068ECF00007C29 /* ViewController.h */,
				2BE6689D28068ECF00007C29 /* ViewController.m */,
				2BE6689F28068ECF00007C29 /* Main.storyboard */,
				2BE668A228068ED100007C29 /* Assets.xcassets */,
				2BE668A428068ED100007C29 /* LaunchScreen.storyboard */,
				2BE668A728068ED100007C29 /* Info.plist */,
				2BE668A828068ED100007C29 /* main.m */,
			);
			path = app;
			sourceTree = "<group>";
		};
		2BE668B128068ED100007C29 /* iOSDemoTests */ = {
			isa = PBXGroup;
			children = (
				2BE668B228068ED100007C29 /* iOSDemoTests.m */,
			);
			path = iOSDemoTests;
			sourceTree = "<group>";
		};
		2BE668BB28068ED100007C29 /* iOSDemoUITests */ = {
			isa = PBXGroup;
			children = (
				2BE668BC28068ED100007C29 /* iOSDemoUITests.m */,
				2BE668BE28068ED100007C29 /* iOSDemoUITestsLaunchTests.m */,
			);
			path = iOSDemoUITests;
			sourceTree = "<group>";
		};
		2BE669012806905800007C29 /* cross_platform_lib */ = {
			isa = PBXGroup;
			children = (
				2BE669022806905800007C29 /* swig */,
			);
			path = cross_platform_lib;
			sourceTree = "<group>";
		};
		2BE669022806905800007C29 /* swig */ = {
			isa = PBXGroup;
			children = (
				2BE669032806905800007C29 /* gen */,
				2BE669082806905800007C29 /* swig_gen_ios.sh */,
				2BE669092806905800007C29 /* ios_api.i */,
			);
			path = swig;
			sourceTree = "<group>";
		};
		2BE669032806905800007C29 /* gen */ = {
			isa = PBXGroup;
			children = (
				2BE669042806905800007C29 /* CrossPlatformApi_wrap.h */,
				2BE669052806905800007C29 /* CrossPlatformApi_wrap.mm */,
				2BE669062806905800007C29 /* CrossPlatformApi_proxy.h */,
				2BE669072806905800007C29 /* CrossPlatformApi_proxy.mm */,
			);
			path = gen;
			sourceTree = "<group>";
		};
/* End PBXGroup section */

/* Begin PBXNativeTarget section */
		2BE6689228068ECF00007C29 /* iOSDemo */ = {
			isa = PBXNativeTarget;
			buildConfigurationList = 2BE668C228068ED100007C29 /* Build configuration list for PBXNativeTarget "iOSDemo" */;
			buildPhases = (
				2BE6688F28068ECF00007C29 /* Sources */,
				2BE6689028068ECF00007C29 /* Frameworks */,
				2BE6689128068ECF00007C29 /* Resources */,
			);
			buildRules = (
			);
			dependencies = (
			);
			name = iOSDemo;
			productName = cross_platform_api_ios;
			productReference = 2BE6689328068ECF00007C29 /* iOSDemo.app */;
			productType = "com.apple.product-type.application";
		};
		2BE668AD28068ED100007C29 /* iOSDemoTests */ = {
			isa = PBXNativeTarget;
			buildConfigurationList = 2BE668C528068ED100007C29 /* Build configuration list for PBXNativeTarget "iOSDemoTests" */;
			buildPhases = (
				2BE668AA28068ED100007C29 /* Sources */,
				2BE668AB28068ED100007C29 /* Frameworks */,
				2BE668AC28068ED100007C29 /* Resources */,
			);
			buildRules = (
			);
			dependencies = (
				2BE668B028068ED100007C29 /* PBXTargetDependency */,
			);
			name = iOSDemoTests;
			productName = cross_platform_api_iosTests;
			productReference = 2BE668AE28068ED100007C29 /* iOSDemoTests.xctest */;
			productType = "com.apple.product-type.bundle.unit-test";
		};
		2BE668B728068ED100007C29 /* iOSDemoUITests */ = {
			isa = PBXNativeTarget;
			buildConfigurationList = 2BE668C828068ED100007C29 /* Build configuration list for PBXNativeTarget "iOSDemoUITests" */;
			buildPhases = (
				2BE668B428068ED100007C29 /* Sources */,
				2BE668B528068ED100007C29 /* Frameworks */,
				2BE668B628068ED100007C29 /* Resources */,
			);
			buildRules = (
			);
			dependencies = (
				2BE668BA28068ED100007C29 /* PBXTargetDependency */,
			);
			name = iOSDemoUITests;
			productName = cross_platform_api_iosUITests;
			productReference = 2BE668B828068ED100007C29 /* iOSDemoUITests.xctest */;
			productType = "com.apple.product-type.bundle.ui-testing";
		};
/* End PBXNativeTarget section */

/* Begin PBXProject section */
		2BE6688B28068ECF00007C29 /* Project object */ = {
			isa = PBXProject;
			attributes = {
				BuildIndependentTargetsInParallel = 1;
				LastUpgradeCheck = 1330;
				TargetAttributes = {
					2BE6689228068ECF00007C29 = {
						CreatedOnToolsVersion = 13.3;
					};
					2BE668AD28068ED100007C29 = {
						CreatedOnToolsVersion = 13.3;
						TestTargetID = 2BE6689228068ECF00007C29;
					};
					2BE668B728068ED100007C29 = {
						CreatedOnToolsVersion = 13.3;
						TestTargetID = 2BE6689228068ECF00007C29;
					};
				};
			};
			buildConfigurationList = 2BE6688E28068ECF00007C29 /* Build configuration list for PBXProject "iOSDemo" */;
			compatibilityVersion = "Xcode 13.0";
			developmentRegion = en;
			hasScannedForEncodings = 0;
			knownRegions = (
				en,
				Base,
			);
			mainGroup = 2BE6688A28068ECF00007C29;
			productRefGroup = 2BE6689428068ECF00007C29 /* Products */;
			projectDirPath = "";
			projectRoot = "";
			targets = (
				2BE6689228068ECF00007C29 /* iOSDemo */,
				2BE668AD28068ED100007C29 /* iOSDemoTests */,
				2BE668B728068ED100007C29 /* iOSDemoUITests */,
			);
		};
/* End PBXProject section */

/* Begin PBXResourcesBuildPhase section */
		2BE6689128068ECF00007C29 /* Resources */ = {
			isa = PBXResourcesBuildPhase;
			buildActionMask = 2147483647;
			files = (
				2BE668A628068ED100007C29 /* LaunchScreen.storyboard in Resources */,
				2BE668A328068ED100007C29 /* Assets.xcassets in Resources */,
				2BE668A128068ECF00007C29 /* Main.storyboard in Resources */,
			);
			runOnlyForDeploymentPostprocessing = 0;
		};
		2BE668AC28068ED100007C29 /* Resources */ = {
			isa = PBXResourcesBuildPhase;
			buildActionMask = 2147483647;
			files = (
			);
			runOnlyForDeploymentPostprocessing = 0;
		};
		2BE668B628068ED100007C29 /* Resources */ = {
			isa = PBXResourcesBuildPhase;
			buildActionMask = 2147483647;
			files = (
			);
			runOnlyForDeploymentPostprocessing = 0;
		};
/* End PBXResourcesBuildPhase section */

/* Begin PBXSourcesBuildPhase section */
		2BE6688F28068ECF00007C29 /* Sources */ = {
			isa = PBXSourcesBuildPhase;
			buildActionMask = 2147483647;
			files = (
				2BE6690F2806A0FA00007C29 /* CrossPlatformApi_proxy.mm in Sources */,
				2BE6689E28068ECF00007C29 /* ViewController.m in Sources */,
				2BE6689828068ECF00007C29 /* AppDelegate.m in Sources */,
				2BE668A928068ED100007C29 /* main.m in Sources */,
				2B99F26C2872CDC0002C19DF /* cross_platform_api.cc in Sources */,
				2BE6689B28068ECF00007C29 /* SceneDelegate.m in Sources */,
				2B99F26B2872CDC0002C19DF /* model_operator.cc in Sources */,
			);
			runOnlyForDeploymentPostprocessing = 0;
		};
		2BE668AA28068ED100007C29 /* Sources */ = {
			isa = PBXSourcesBuildPhase;
			buildActionMask = 2147483647;
			files = (
				2BE668B328068ED100007C29 /* iOSDemoTests.m in Sources */,
			);
			runOnlyForDeploymentPostprocessing = 0;
		};
		2BE668B428068ED100007C29 /* Sources */ = {
			isa = PBXSourcesBuildPhase;
			buildActionMask = 2147483647;
			files = (
				2BE668BD28068ED100007C29 /* iOSDemoUITests.m in Sources */,
				2BE668BF28068ED100007C29 /* iOSDemoUITestsLaunchTests.m in Sources */,
			);
			runOnlyForDeploymentPostprocessing = 0;
		};
/* End PBXSourcesBuildPhase section */

/* Begin PBXTargetDependency section */
		2BE668B028068ED100007C29 /* PBXTargetDependency */ = {
			isa = PBXTargetDependency;
			target = 2BE6689228068ECF00007C29 /* iOSDemo */;
			targetProxy = 2BE668AF28068ED100007C29 /* PBXContainerItemProxy */;
		};
		2BE668BA28068ED100007C29 /* PBXTargetDependency */ = {
			isa = PBXTargetDependency;
			target = 2BE6689228068ECF00007C29 /* iOSDemo */;
			targetProxy = 2BE668B928068ED100007C29 /* PBXContainerItemProxy */;
		};
/* End PBXTargetDependency section */

/* Begin PBXVariantGroup section */
		2BE6689F28068ECF00007C29 /* Main.storyboard */ = {
			isa = PBXVariantGroup;
			children = (
				2BE668A028068ECF00007C29 /* Base */,
			);
			name = Main.storyboard;
			sourceTree = "<group>";
		};
		2BE668A428068ED100007C29 /* LaunchScreen.storyboard */ = {
			isa = PBXVariantGroup;
			children = (
				2BE668A528068ED100007C29 /* Base */,
			);
			name = LaunchScreen.storyboard;
			sourceTree = "<group>";
		};
/* End PBXVariantGroup section */

/* Begin XCBuildConfiguration section */
		2BE668C028068ED100007C29 /* Debug */ = {
			isa = XCBuildConfiguration;
			buildSettings = {
				ALWAYS_SEARCH_USER_PATHS = NO;
				CLANG_ANALYZER_NONNULL = YES;
				CLANG_ANALYZER_NUMBER_OBJECT_CONVERSION = YES_AGGRESSIVE;
				CLANG_CXX_LANGUAGE_STANDARD = "gnu++17";
				CLANG_ENABLE_MODULES = YES;
				CLANG_ENABLE_OBJC_ARC = YES;
				CLANG_ENABLE_OBJC_WEAK = YES;
				CLANG_WARN_BLOCK_CAPTURE_AUTORELEASING = YES;
				CLANG_WARN_BOOL_CONVERSION = YES;
				CLANG_WARN_COMMA = YES;
				CLANG_WARN_CONSTANT_CONVERSION = YES;
				CLANG_WARN_DEPRECATED_OBJC_IMPLEMENTATIONS = YES;
				CLANG_WARN_DIRECT_OBJC_ISA_USAGE = YES_ERROR;
				CLANG_WARN_DOCUMENTATION_COMMENTS = YES;
				CLANG_WARN_EMPTY_BODY = YES;
				CLANG_WARN_ENUM_CONVERSION = YES;
				CLANG_WARN_INFINITE_RECURSION = YES;
				CLANG_WARN_INT_CONVERSION = YES;
				CLANG_WARN_NON_LITERAL_NULL_CONVERSION = YES;
				CLANG_WARN_OBJC_IMPLICIT_RETAIN_SELF = YES;
				CLANG_WARN_OBJC_LITERAL_CONVERSION = YES;
				CLANG_WARN_OBJC_ROOT_CLASS = YES_ERROR;
				CLANG_WARN_QUOTED_INCLUDE_IN_FRAMEWORK_HEADER = YES;
				CLANG_WARN_RANGE_LOOP_ANALYSIS = YES;
				CLANG_WARN_STRICT_PROTOTYPES = YES;
				CLANG_WARN_SUSPICIOUS_MOVE = YES;
				CLANG_WARN_UNGUARDED_AVAILABILITY = YES_AGGRESSIVE;
				CLANG_WARN_UNREACHABLE_CODE = YES;
				CLANG_WARN__DUPLICATE_METHOD_MATCH = YES;
				COPY_PHASE_STRIP = NO;
				DEBUG_INFORMATION_FORMAT = dwarf;
				ENABLE_STRICT_OBJC_MSGSEND = YES;
				ENABLE_TESTABILITY = YES;
				GCC_C_LANGUAGE_STANDARD = gnu11;
				GCC_DYNAMIC_NO_PIC = NO;
				GCC_NO_COMMON_BLOCKS = YES;
				GCC_OPTIMIZATION_LEVEL = 0;
				GCC_PREPROCESSOR_DEFINITIONS = (
					"DEBUG=1",
					"$(inherited)",
				);
				GCC_WARN_64_TO_32_BIT_CONVERSION = YES;
				GCC_WARN_ABOUT_RETURN_TYPE = YES_ERROR;
				GCC_WARN_UNDECLARED_SELECTOR = YES;
				GCC_WARN_UNINITIALIZED_AUTOS = YES_AGGRESSIVE;
				GCC_WARN_UNUSED_FUNCTION = YES;
				GCC_WARN_UNUSED_VARIABLE = YES;
				IPHONEOS_DEPLOYMENT_TARGET = 15.4;
				MTL_ENABLE_DEBUG_INFO = INCLUDE_SOURCE;
				MTL_FAST_MATH = YES;
				ONLY_ACTIVE_ARCH = YES;
				SDKROOT = iphoneos;
				SYSTEM_HEADER_SEARCH_PATHS = (
					"$(SRCROOT)/../../include",
					"$(SRCROOT)/cross_platform_lib",
				);
			};
			name = Debug;
		};
		2BE668C128068ED100007C29 /* Release */ = {
			isa = XCBuildConfiguration;
			buildSettings = {
				ALWAYS_SEARCH_USER_PATHS = NO;
				CLANG_ANALYZER_NONNULL = YES;
				CLANG_ANALYZER_NUMBER_OBJECT_CONVERSION = YES_AGGRESSIVE;
				CLANG_CXX_LANGUAGE_STANDARD = "gnu++17";
				CLANG_ENABLE_MODULES = YES;
				CLANG_ENABLE_OBJC_ARC = YES;
				CLANG_ENABLE_OBJC_WEAK = YES;
				CLANG_WARN_BLOCK_CAPTURE_AUTORELEASING = YES;
				CLANG_WARN_BOOL_CONVERSION = YES;
				CLANG_WARN_COMMA = YES;
				CLANG_WARN_CONSTANT_CONVERSION = YES;
				CLANG_WARN_DEPRECATED_OBJC_IMPLEMENTATIONS = YES;
				CLANG_WARN_DIRECT_OBJC_ISA_USAGE = YES_ERROR;
				CLANG_WARN_DOCUMENTATION_COMMENTS = YES;
				CLANG_WARN_EMPTY_BODY = YES;
				CLANG_WARN_ENUM_CONVERSION = YES;
				CLANG_WARN_INFINITE_RECURSION = YES;
				CLANG_WARN_INT_CONVERSION = YES;
				CLANG_WARN_NON_LITERAL_NULL_CONVERSION = YES;
				CLANG_WARN_OBJC_IMPLICIT_RETAIN_SELF = YES;
				CLANG_WARN_OBJC_LITERAL_CONVERSION = YES;
				CLANG_WARN_OBJC_ROOT_CLASS = YES_ERROR;
				CLANG_WARN_QUOTED_INCLUDE_IN_FRAMEWORK_HEADER = YES;
				CLANG_WARN_RANGE_LOOP_ANALYSIS = YES;
				CLANG_WARN_STRICT_PROTOTYPES = YES;
				CLANG_WARN_SUSPICIOUS_MOVE = YES;
				CLANG_WARN_UNGUARDED_AVAILABILITY = YES_AGGRESSIVE;
				CLANG_WARN_UNREACHABLE_CODE = YES;
				CLANG_WARN__DUPLICATE_METHOD_MATCH = YES;
				COPY_PHASE_STRIP = NO;
				DEBUG_INFORMATION_FORMAT = "dwarf-with-dsym";
				ENABLE_NS_ASSERTIONS = NO;
				ENABLE_STRICT_OBJC_MSGSEND = YES;
				GCC_C_LANGUAGE_STANDARD = gnu11;
				GCC_NO_COMMON_BLOCKS = YES;
				GCC_WARN_64_TO_32_BIT_CONVERSION = YES;
				GCC_WARN_ABOUT_RETURN_TYPE = YES_ERROR;
				GCC_WARN_UNDECLARED_SELECTOR = YES;
				GCC_WARN_UNINITIALIZED_AUTOS = YES_AGGRESSIVE;
				GCC_WARN_UNUSED_FUNCTION = YES;
				GCC_WARN_UNUSED_VARIABLE = YES;
				IPHONEOS_DEPLOYMENT_TARGET = 15.4;
				MTL_ENABLE_DEBUG_INFO = NO;
				MTL_FAST_MATH = YES;
				SDKROOT = iphoneos;
				SYSTEM_HEADER_SEARCH_PATHS = (
					"$(SRCROOT)/../../include",
					"$(SRCROOT)/cross_platform_lib",
				);
				VALIDATE_PRODUCT = YES;
			};
			name = Release;
		};
		2BE668C328068ED100007C29 /* Debug */ = {
			isa = XCBuildConfiguration;
			buildSettings = {
				ASSETCATALOG_COMPILER_APPICON_NAME = AppIcon;
				ASSETCATALOG_COMPILER_GLOBAL_ACCENT_COLOR_NAME = AccentColor;
				CODE_SIGN_STYLE = Automatic;
				CURRENT_PROJECT_VERSION = 1;
				GENERATE_INFOPLIST_FILE = YES;
				INFOPLIST_FILE = app/Info.plist;
				INFOPLIST_KEY_UIApplicationSupportsIndirectInputEvents = YES;
				INFOPLIST_KEY_UILaunchStoryboardName = LaunchScreen;
				INFOPLIST_KEY_UIMainStoryboardFile = Main;
				INFOPLIST_KEY_UISupportedInterfaceOrientations_iPad = "UIInterfaceOrientationPortrait UIInterfaceOrientationPortraitUpsideDown UIInterfaceOrientationLandscapeLeft UIInterfaceOrientationLandscapeRight";
				INFOPLIST_KEY_UISupportedInterfaceOrientations_iPhone = "UIInterfaceOrientationPortrait UIInterfaceOrientationLandscapeLeft UIInterfaceOrientationLandscapeRight";
				LD_RUNPATH_SEARCH_PATHS = (
					"$(inherited)",
					"@executable_path/Frameworks",
				);
				MARKETING_VERSION = 1.0;
				PRODUCT_BUNDLE_IDENTIFIER = "allenxuan.cross-platform-api-ios";
				PRODUCT_NAME = "$(TARGET_NAME)";
				SWIFT_EMIT_LOC_STRINGS = YES;
				SYSTEM_HEADER_SEARCH_PATHS = (
					"$(SRCROOT)/../../include",
					"$(SRCROOT)/cross_platform_lib",
				);
				TARGETED_DEVICE_FAMILY = "1,2";
			};
			name = Debug;
		};
		2BE668C428068ED100007C29 /* Release */ = {
			isa = XCBuildConfiguration;
			buildSettings = {
				ASSETCATALOG_COMPILER_APPICON_NAME = AppIcon;
				ASSETCATALOG_COMPILER_GLOBAL_ACCENT_COLOR_NAME = AccentColor;
				CODE_SIGN_STYLE = Automatic;
				CURRENT_PROJECT_VERSION = 1;
				GENERATE_INFOPLIST_FILE = YES;
				INFOPLIST_FILE = app/Info.plist;
				INFOPLIST_KEY_UIApplicationSupportsIndirectInputEvents = YES;
				INFOPLIST_KEY_UILaunchStoryboardName = LaunchScreen;
				INFOPLIST_KEY_UIMainStoryboardFile = Main;
				INFOPLIST_KEY_UISupportedInterfaceOrientations_iPad = "UIInterfaceOrientationPortrait UIInterfaceOrientationPortraitUpsideDown UIInterfaceOrientationLandscapeLeft UIInterfaceOrientationLandscapeRight";
				INFOPLIST_KEY_UISupportedInterfaceOrientations_iPhone = "UIInterfaceOrientationPortrait UIInterfaceOrientationLandscapeLeft UIInterfaceOrientationLandscapeRight";
				LD_RUNPATH_SEARCH_PATHS = (
					"$(inherited)",
					"@executable_path/Frameworks",
				);
				MARKETING_VERSION = 1.0;
				PRODUCT_BUNDLE_IDENTIFIER = "allenxuan.cross-platform-api-ios";
				PRODUCT_NAME = "$(TARGET_NAME)";
				SWIFT_EMIT_LOC_STRINGS = YES;
				SYSTEM_HEADER_SEARCH_PATHS = (
					"$(SRCROOT)/../../include",
					"$(SRCROOT)/cross_platform_lib",
				);
				TARGETED_DEVICE_FAMILY = "1,2";
			};
			name = Release;
		};
		2BE668C628068ED100007C29 /* Debug */ = {
			isa = XCBuildConfiguration;
			buildSettings = {
				BUNDLE_LOADER = "$(TEST_HOST)";
				CODE_SIGN_STYLE = Automatic;
				CURRENT_PROJECT_VERSION = 1;
				GENERATE_INFOPLIST_FILE = YES;
				IPHONEOS_DEPLOYMENT_TARGET = 15.4;
				MARKETING_VERSION = 1.0;
				PRODUCT_BUNDLE_IDENTIFIER = "allenxuan.cross-platform-api-iosTests";
				PRODUCT_NAME = "$(TARGET_NAME)";
				SWIFT_EMIT_LOC_STRINGS = NO;
				TARGETED_DEVICE_FAMILY = "1,2";
				TEST_HOST = "$(BUILT_PRODUCTS_DIR)/iOSDemo.app/iOSDemo";
			};
			name = Debug;
		};
		2BE668C728068ED100007C29 /* Release */ = {
			isa = XCBuildConfiguration;
			buildSettings = {
				BUNDLE_LOADER = "$(TEST_HOST)";
				CODE_SIGN_STYLE = Automatic;
				CURRENT_PROJECT_VERSION = 1;
				GENERATE_INFOPLIST_FILE = YES;
				IPHONEOS_DEPLOYMENT_TARGET = 15.4;
				MARKETING_VERSION = 1.0;
				PRODUCT_BUNDLE_IDENTIFIER = "allenxuan.cross-platform-api-iosTests";
				PRODUCT_NAME = "$(TARGET_NAME)";
				SWIFT_EMIT_LOC_STRINGS = NO;
				TARGETED_DEVICE_FAMILY = "1,2";
				TEST_HOST = "$(BUILT_PRODUCTS_DIR)/iOSDemo.app/iOSDemo";
			};
			name = Release;
		};
		2BE668C928068ED100007C29 /* Debug */ = {
			isa = XCBuildConfiguration;
			buildSettings = {
				CODE_SIGN_STYLE = Automatic;
				CURRENT_PROJECT_VERSION = 1;
				GENERATE_INFOPLIST_FILE = YES;
				MARKETING_VERSION = 1.0;
				PRODUCT_BUNDLE_IDENTIFIER = "allenxuan.cross-platform-api-iosUITests";
				PRODUCT_NAME = "$(TARGET_NAME)";
				SWIFT_EMIT_LOC_STRINGS = NO;
				TARGETED_DEVICE_FAMILY = "1,2";
				TEST_TARGET_NAME = cross_platform_api_ios;
			};
			name = Debug;
		};
		2BE668CA28068ED100007C29 /* Release */ = {
			isa = XCBuildConfiguration;
			buildSettings = {
				CODE_SIGN_STYLE = Automatic;
				CURRENT_PROJECT_VERSION = 1;
				GENERATE_INFOPLIST_FILE = YES;
				MARKETING_VERSION = 1.0;
				PRODUCT_BUNDLE_IDENTIFIER = "allenxuan.cross-platform-api-iosUITests";
				PRODUCT_NAME = "$(TARGET_NAME)";
				SWIFT_EMIT_LOC_STRINGS = NO;
				TARGETED_DEVICE_FAMILY = "1,2";
				TEST_TARGET_NAME = cross_platform_api_ios;
			};
			name = Release;
		};
/* End XCBuildConfiguration section */

/* Begin XCConfigurationList section */
		2BE6688E28068ECF00007C29 /* Build configuration list for PBXProject "iOSDemo" */ = {
			isa = XCConfigurationList;
			buildConfigurations = (
				2BE668C028068ED100007C29 /* Debug */,
				2BE668C128068ED100007C29 /* Release */,
			);
			defaultConfigurationIsVisible = 0;
			defaultConfigurationName = Release;
		};
		2BE668C228068ED100007C29 /* Build configuration list for PBXNativeTarget "iOSDemo" */ = {
			isa = XCConfigurationList;
			buildConfigurations = (
				2BE668C328068ED100007C29 /* Debug */,
				2BE668C428068ED100007C29 /* Release */,
			);
			defaultConfigurationIsVisible = 0;
			defaultConfigurationName = Release;
		};
		2BE668C528068ED100007C29 /* Build configuration list for PBXNativeTarget "iOSDemoTests" */ = {
			isa = XCConfigurationList;
			buildConfigurations = (
				2BE668C628068ED100007C29 /* Debug */,
				2BE668C728068ED100007C29 /* Release */,
			);
			defaultConfigurationIsVisible = 0;
			defaultConfigurationName = Release;
		};
		2BE668C828068ED100007C29 /* Build configuration list for PBXNativeTarget "iOSDemoUITests" */ = {
			isa = XCConfigurationList;
			buildConfigurations = (
				2BE668C928068ED100007C29 /* Debug */,
				2BE668CA28068ED100007C29 /* Release */,
			);
			defaultConfigurationIsVisible = 0;
			defaultConfigurationName = Release;
		};
/* End XCConfigurationList section */
	};
	rootObject = 2BE6688B28068ECF00007C29 /* Project object */;
}
